
Microsoft Visual Studio Solution File, Format Version 12.00
# Visual Studio Version 16
VisualStudioVersion = 16.0.31624.102
MinimumVisualStudioVersion = 10.0.40219.1
Project("{2150E333-8FDC-42A3-9474-1A3956D46DE8}") = "Services", "Services", "{45135DC2-1C89-48DB-B2DC-B3596F0F1F6B}"
EndProject
Project("{2150E333-8FDC-42A3-9474-1A3956D46DE8}") = "Catalog", "Catalog", "{FDE9E384-B6FE-47DE-9EB3-6A4748F6175A}"
EndProject
Project("{9A19103F-16F7-4668-BE54-9A1E7A4F7556}") = "Catalog.API", "Services\Catalog\Catalog.API\Catalog.API.csproj", "{487533EB-A332-464C-B170-7953D3EF4D59}"
EndProject
Project("{E53339B2-1760-4266-BCC7-CA923CBCF16C}") = "docker-compose", "docker-compose.dcproj", "{EF36A006-7835-4A13-950B-CFFD2B3C4C06}"
EndProject
Project("{2150E333-8FDC-42A3-9474-1A3956D46DE8}") = "Basket", "Basket", "{2493C7D5-B3E8-4D9E-A04C-44BD498DD09F}"
EndProject
Project("{9A19103F-16F7-4668-BE54-9A1E7A4F7556}") = "Basket.API", "Services\Basket\Basket.API\Basket.API.csproj", "{51FDCB64-36C4-4531-99B6-BC73A468F166}"
EndProject
Project("{2150E333-8FDC-42A3-9474-1A3956D46DE8}") = "Discount", "Discount", "{F5AE2F50-4ADC-4D0A-ACDD-11D61DAE9908}"
EndProject
Project("{FAE04EC0-301F-11D3-BF4B-00C04F79EFBC}") = "Discount.API", "Services\Discount\Discount.API\Discount.API.csproj", "{263F2ED4-8E5E-4466-9717-0C0D26BA76BD}"
EndProject
Project("{FAE04EC0-301F-11D3-BF4B-00C04F79EFBC}") = "Discount.Grpc", "Services\Discount\Discount.Grpc\Discount.Grpc.csproj", "{E1D82C70-4A38-4221-9859-7A0C20098091}"
EndProject
Project("{2150E333-8FDC-42A3-9474-1A3956D46DE8}") = "Ordering", "Ordering", "{35033758-9EE4-450C-AAF0-8122B3187A15}"
EndProject
Project("{FAE04EC0-301F-11D3-BF4B-00C04F79EFBC}") = "Ordering.API", "Services\Ordering\Ordering.API\Ordering.API.csproj", "{C2E6FBC0-E3E2-4BFD-AE1B-528F2F507919}"
EndProject
Project("{FAE04EC0-301F-11D3-BF4B-00C04F79EFBC}") = "Ordering.Domain", "Services\Ordering\Ordering.Domain\Ordering.Domain.csproj", "{BE615458-2536-4015-BDC9-2040CE01281A}"
EndProject
Project("{FAE04EC0-301F-11D3-BF4B-00C04F79EFBC}") = "Ordering.Application", "Services\Ordering\Ordering.Application\Ordering.Application.csproj", "{718C1589-25DA-42C3-A3C7-0F6608612842}"
EndProject
Project("{FAE04EC0-301F-11D3-BF4B-00C04F79EFBC}") = "Ordering.Infrastructure", "Services\Ordering\Ordering.Infrastructure\Ordering.Infrastructure.csproj", "{552F1E76-5785-400C-9819-E5924EE9B390}"
EndProject
Global
	GlobalSection(SolutionConfigurationPlatforms) = preSolution
		Debug|Any CPU = Debug|Any CPU
		Release|Any CPU = Release|Any CPU
	EndGlobalSection
	GlobalSection(ProjectConfigurationPlatforms) = postSolution
		{487533EB-A332-464C-B170-7953D3EF4D59}.Debug|Any CPU.ActiveCfg = Debug|Any CPU
		{487533EB-A332-464C-B170-7953D3EF4D59}.Debug|Any CPU.Build.0 = Debug|Any CPU
		{487533EB-A332-464C-B170-7953D3EF4D59}.Release|Any CPU.ActiveCfg = Release|Any CPU
		{487533EB-A332-464C-B170-7953D3EF4D59}.Release|Any CPU.Build.0 = Release|Any CPU
		{EF36A006-7835-4A13-950B-CFFD2B3C4C06}.Debug|Any CPU.ActiveCfg = Debug|Any CPU
		{EF36A006-7835-4A13-950B-CFFD2B3C4C06}.Debug|Any CPU.Build.0 = Debug|Any CPU
		{EF36A006-7835-4A13-950B-CFFD2B3C4C06}.Release|Any CPU.ActiveCfg = Release|Any CPU
		{EF36A006-7835-4A13-950B-CFFD2B3C4C06}.Release|Any CPU.Build.0 = Release|Any CPU
		{51FDCB64-36C4-4531-99B6-BC73A468F166}.Debug|Any CPU.ActiveCfg = Debug|Any CPU
		{51FDCB64-36C4-4531-99B6-BC73A468F166}.Debug|Any CPU.Build.0 = Debug|Any CPU
		{51FDCB64-36C4-4531-99B6-BC73A468F166}.Release|Any CPU.ActiveCfg = Release|Any CPU
		{51FDCB64-36C4-4531-99B6-BC73A468F166}.Release|Any CPU.Build.0 = Release|Any CPU
		{263F2ED4-8E5E-4466-9717-0C0D26BA76BD}.Debug|Any CPU.ActiveCfg = Debug|Any CPU
		{263F2ED4-8E5E-4466-9717-0C0D26BA76BD}.Debug|Any CPU.Build.0 = Debug|Any CPU
		{263F2ED4-8E5E-4466-9717-0C0D26BA76BD}.Release|Any CPU.ActiveCfg = Release|Any CPU
		{263F2ED4-8E5E-4466-9717-0C0D26BA76BD}.Release|Any CPU.Build.0 = Release|Any CPU
		{E1D82C70-4A38-4221-9859-7A0C20098091}.Debug|Any CPU.ActiveCfg = Debug|Any CPU
		{E1D82C70-4A38-4221-9859-7A0C20098091}.Debug|Any CPU.Build.0 = Debug|Any CPU
		{E1D82C70-4A38-4221-9859-7A0C20098091}.Release|Any CPU.ActiveCfg = Release|Any CPU
		{E1D82C70-4A38-4221-9859-7A0C20098091}.Release|Any CPU.Build.0 = Release|Any CPU
		{C2E6FBC0-E3E2-4BFD-AE1B-528F2F507919}.Debug|Any CPU.ActiveCfg = Debug|Any CPU
		{C2E6FBC0-E3E2-4BFD-AE1B-528F2F507919}.Debug|Any CPU.Build.0 = Debug|Any CPU
		{C2E6FBC0-E3E2-4BFD-AE1B-528F2F507919}.Release|Any CPU.ActiveCfg = Release|Any CPU
		{C2E6FBC0-E3E2-4BFD-AE1B-528F2F507919}.Release|Any CPU.Build.0 = Release|Any CPU
		{BE615458-2536-4015-BDC9-2040CE01281A}.Debug|Any CPU.ActiveCfg = Debug|Any CPU
		{BE615458-2536-4015-BDC9-2040CE01281A}.Debug|Any CPU.Build.0 = Debug|Any CPU
		{BE615458-2536-4015-BDC9-2040CE01281A}.Release|Any CPU.ActiveCfg = Release|Any CPU
		{BE615458-2536-4015-BDC9-2040CE01281A}.Release|Any CPU.Build.0 = Release|Any CPU
		{718C1589-25DA-42C3-A3C7-0F6608612842}.Debug|Any CPU.ActiveCfg = Debug|Any CPU
		{718C1589-25DA-42C3-A3C7-0F6608612842}.Debug|Any CPU.Build.0 = Debug|Any CPU
		{718C1589-25DA-42C3-A3C7-0F6608612842}.Release|Any CPU.ActiveCfg = Release|Any CPU
		{718C1589-25DA-42C3-A3C7-0F6608612842}.Release|Any CPU.Build.0 = Release|Any CPU
		{552F1E76-5785-400C-9819-E5924EE9B390}.Debug|Any CPU.ActiveCfg = Debug|Any CPU
		{552F1E76-5785-400C-9819-E5924EE9B390}.Debug|Any CPU.Build.0 = Debug|Any CPU
		{552F1E76-5785-400C-9819-E5924EE9B390}.Release|Any CPU.ActiveCfg = Release|Any CPU
		{552F1E76-5785-400C-9819-E5924EE9B390}.Release|Any CPU.Build.0 = Release|Any CPU
	EndGlobalSection
	GlobalSection(SolutionProperties) = preSolution
		HideSolutionNode = FALSE
	EndGlobalSection
	GlobalSection(NestedProjects) = preSolution
		{FDE9E384-B6FE-47DE-9EB3-6A4748F6175A} = {45135DC2-1C89-48DB-B2DC-B3596F0F1F6B}
		{487533EB-A332-464C-B170-7953D3EF4D59} = {FDE9E384-B6FE-47DE-9EB3-6A4748F6175A}
		{2493C7D5-B3E8-4D9E-A04C-44BD498DD09F} = {45135DC2-1C89-48DB-B2DC-B3596F0F1F6B}
		{51FDCB64-36C4-4531-99B6-BC73A468F166} = {2493C7D5-B3E8-4D9E-A04C-44BD498DD09F}
		{F5AE2F50-4ADC-4D0A-ACDD-11D61DAE9908} = {45135DC2-1C89-48DB-B2DC-B3596F0F1F6B}
		{263F2ED4-8E5E-4466-9717-0C0D26BA76BD} = {F5AE2F50-4ADC-4D0A-ACDD-11D61DAE9908}
		{E1D82C70-4A38-4221-9859-7A0C20098091} = {F5AE2F50-4ADC-4D0A-ACDD-11D61DAE9908}
		{35033758-9EE4-450C-AAF0-8122B3187A15} = {45135DC2-1C89-48DB-B2DC-B3596F0F1F6B}
		{C2E6FBC0-E3E2-4BFD-AE1B-528F2F507919} = {35033758-9EE4-450C-AAF0-8122B3187A15}
		{BE615458-2536-4015-BDC9-2040CE01281A} = {35033758-9EE4-450C-AAF0-8122B3187A15}
		{718C1589-25DA-42C3-A3C7-0F6608612842} = {35033758-9EE4-450C-AAF0-8122B3187A15}
		{552F1E76-5785-400C-9819-E5924EE9B390} = {35033758-9EE4-450C-AAF0-8122B3187A15}
	EndGlobalSection
	GlobalSection(ExtensibilityGlobals) = postSolution
		SolutionGuid = {7F3EB132-6E1B-409F-A15D-B7A3BF824497}
	EndGlobalSection
EndGlobal
